{
  "name": "@arslanblcn/hownter",
  "version": "0.1.0",
  "lockfileVersion": 3,
  "requires": true,
  "packages": {
    "": {
      "name": "@arslanblcn/hownter",
      "version": "0.1.0",
      "license": "MIT",
      "bin": {
        "hownter": "bin/hownter.mjs"
      },
      "engines": {
        "node": ">=22"
      }
    }
  }
}
